// !$*UTF8*$!
{
	archiveVersion = 1;
	classes = {
	};
	objectVersion = 46;
	objects = {

/* Begin PBXBuildFile section */
		DA33F0231E09BF6F00CB877C /* AppDelegate.swift in Sources */ = {isa = PBXBuildFile; fileRef = DA33F0221E09BF6F00CB877C /* AppDelegate.swift */; };
		DA33F0251E09BF6F00CB877C /* FirstViewController.swift in Sources */ = {isa = PBXBuildFile; fileRef = DA33F0241E09BF6F00CB877C /* FirstViewController.swift */; };
		DA33F0271E09BF6F00CB877C /* SecondViewController.swift in Sources */ = {isa = PBXBuildFile; fileRef = DA33F0261E09BF6F00CB877C /* SecondViewController.swift */; };
		DA33F02A1E09BF6F00CB877C /* Main.storyboard in Resources */ = {isa = PBXBuildFile; fileRef = DA33F0281E09BF6F00CB877C /* Main.storyboard */; };
		DA33F02C1E09BF6F00CB877C /* Assets.xcassets in Resources */ = {isa = PBXBuildFile; fileRef = DA33F02B1E09BF6F00CB877C /* Assets.xcassets */; };
		DA33F02F1E09BF6F00CB877C /* LaunchScreen.storyboard in Resources */ = {isa = PBXBuildFile; fileRef = DA33F02D1E09BF6F00CB877C /* LaunchScreen.storyboard */; };
/* End PBXBuildFile section */

/* Begin PBXFileReference section */
		DA33F01F1E09BF6F00CB877C /* urlShortenerApp.app */ = {isa = PBXFileReference; explicitFileType = wrapper.application; includeInIndex = 0; path = urlShortenerApp.app; sourceTree = BUILT_PRODUCTS_DIR; };
		DA33F0221E09BF6F00CB877C /* AppDelegate.swift */ = {isa = PBXFileReference; lastKnownFileType = sourcecode.swift; path = AppDelegate.swift; sourceTree = "<group>"; };
		DA33F0241E09BF6F00CB877C /* FirstViewController.swift */ = {isa = PBXFileReference; lastKnownFileType = sourcecode.swift; path = FirstViewController.swift; sourceTree = "<group>"; };
		DA33F0261E09BF6F00CB877C /* SecondViewController.swift */ = {isa = PBXFileReference; lastKnownFileType = sourcecode.swift; path = SecondViewController.swift; sourceTree = "<group>"; };
		DA33F0291E09BF6F00CB877C /* Base */ = {isa = PBXFileReference; lastKnownFileType = file.storyboard; name = Base; path = Base.lproj/Main.storyboard; sourceTree = "<group>"; };
		DA33F02B1E09BF6F00CB877C /* Assets.xcassets */ = {isa = PBXFileReference; lastKnownFileType = folder.assetcatalog; path = Assets.xcassets; sourceTree = "<group>"; };
		DA33F02E1E09BF6F00CB877C /* Base */ = {isa = PBXFileReference; lastKnownFileType = file.storyboard; name = Base; path = Base.lproj/LaunchScreen.storyboard; sourceTree = "<group>"; };
		DA33F0301E09BF6F00CB877C /* Info.plist */ = {isa = PBXFileReference; lastKnownFileType = text.plist.xml; path = Info.plist; sourceTree = "<group>"; };
/* End PBXFileReference section */

/* Begin PBXFrameworksBuildPhase section */
		DA33F01C1E09BF6F00CB877C /* Frameworks */ = {
			isa = PBXFrameworksBuildPhase;
			buildActionMask = 2147483647;
			files = (
			);
			runOnlyForDeploymentPostprocessing = 0;
		};
/* End PBXFrameworksBuildPhase section */

/* Begin PBXGroup section */
		DA33F0161E09BF6F00CB877C = {
			isa = PBXGroup;
			children = (
				DA33F0211E09BF6F00CB877C /* urlShortenerApp */,
				DA33F0201E09BF6F00CB877C /* Products */,
			);
			sourceTree = "<group>";
		};
		DA33F0201E09BF6F00CB877C /* Products */ = {
			isa = PBXGroup;
			children = (
				DA33F01F1E09BF6F00CB877C /* urlShortenerApp.app */,
			);
			name = Products;
			sourceTree = "<group>";
		};
		DA33F0211E09BF6F00CB877C /* urlShortenerApp */ = {
			isa = PBXGroup;
			children = (
				DA33F0221E09BF6F00CB877C /* AppDelegate.swift */,
				DA33F0241E09BF6F00CB877C /* FirstViewController.swift */,
				DA33F0261E09BF6F00CB877C /* SecondViewController.swift */,
				DA33F0281E09BF6F00CB877C /* Main.storyboard */,
				DA33F02B1E09BF6F00CB877C /* Assets.xcassets */,
				DA33F02D1E09BF6F00CB877C /* LaunchScreen.storyboard */,
				DA33F0301E09BF6F00CB877C /* Info.plist */,
			);
			path = urlShortenerApp;
			sourceTree = "<group>";
		};
/* End PBXGroup section */

/* Begin PBXNativeTarget section */
		DA33F01E1E09BF6F00CB877C /* urlShortenerApp */ = {
			isa = PBXNativeTarget;
			buildConfigurationList = DA33F0331E09BF6F00CB877C /* Build configuration list for PBXNativeTarget "urlShortenerApp" */;
			buildPhases = (
				DA33F01B1E09BF6F00CB877C /* Sources */,
				DA33F01C1E09BF6F00CB877C /* Frameworks */,
				DA33F01D1E09BF6F00CB877C /* Resources */,
			);
			buildRules = (
			);
			dependencies = (
			);
			name = urlShortenerApp;
			productName = urlShortenerApp;
			productReference = DA33F01F1E09BF6F00CB877C /* urlShortenerApp.app */;
			productType = "com.apple.product-type.application";
		};
/* End PBXNativeTarget section */

/* Begin PBXProject section */
		DA33F0171E09BF6F00CB877C /* Project object */ = {
			isa = PBXProject;
			attributes = {
				LastSwiftUpdateCheck = 0820;
				LastUpgradeCheck = 0820;
				ORGANIZATIONNAME = "Paul Jouhaud";
				TargetAttributes = {
					DA33F01E1E09BF6F00CB877C = {
						CreatedOnToolsVersion = 8.2.1;
						DevelopmentTeam = N533J6CNR8;
						ProvisioningStyle = Automatic;
					};
				};
			};
			buildConfigurationList = DA33F01A1E09BF6F00CB877C /* Build configuration list for PBXProject "urlShortenerApp" */;
			compatibilityVersion = "Xcode 3.2";
			developmentRegion = English;
			hasScannedForEncodings = 0;
			knownRegions = (
				en,
				Base,
			);
			mainGroup = DA33F0161E09BF6F00CB877C;
			productRefGroup = DA33F0201E09BF6F00CB877C /* Products */;
			projectDirPath = "";
			projectRoot = "";
			targets = (
				DA33F01E1E09BF6F00CB877C /* urlShortenerApp */,
			);
		};
/* End PBXProject section */

/* Begin PBXResourcesBuildPhase section */
		DA33F01D1E09BF6F00CB877C /* Resources */ = {
			isa = PBXResourcesBuildPhase;
			buildActionMask = 2147483647;
			files = (
				DA33F02F1E09BF6F00CB877C /* LaunchScreen.storyboard in Resources */,
				DA33F02C1E09BF6F00CB877C /* Assets.xcassets in Resources */,
				DA33F02A1E09BF6F00CB877C /* Main.storyboard in Resources */,
			);
			runOnlyForDeploymentPostprocessing = 0;
		};
/* End PBXResourcesBuildPhase section */

/* Begin PBXSourcesBuildPhase section */
		DA33F01B1E09BF6F00CB877C /* Sources */ = {
			isa = PBXSourcesBuildPhase;
			buildActionMask = 2147483647;
			files = (
				DA33F0271E09BF6F00CB877C /* SecondViewController.swift in Sources */,
				DA33F0231E09BF6F00CB877C /* AppDelegate.swift in Sources */,
				DA33F0251E09BF6F00CB877C /* FirstViewController.swift in Sources */,
			);
			runOnlyForDeploymentPostprocessing = 0;
		};
/* End PBXSourcesBuildPhase section */

/* Begin PBXVariantGroup section */
		DA33F0281E09BF6F00CB877C /* Main.storyboard */ = {
			isa = PBXVariantGroup;
			children = (
				DA33F0291E09BF6F00CB877C /* Base */,
			);
			name = Main.storyboard;
			sourceTree = "<group>";
		};
		DA33F02D1E09BF6F00CB877C /* LaunchScreen.storyboard */ = {
			isa = PBXVariantGroup;
			children = (
				DA33F02E1E09BF6F00CB877C /* Base */,
			);
			name = LaunchScreen.storyboard;
			sourceTree = "<group>";
		};
/* End PBXVariantGroup section */

/* Begin XCBuildConfiguration section */
		DA33F0311E09BF6F00CB877C /* Debug */ = {
			isa = XCBuildConfiguration;
			buildSettings = {
				ALWAYS_SEARCH_USER_PATHS = NO;
				CLANG_ANALYZER_NONNULL = YES;
				CLANG_CXX_LANGUAGE_STANDARD = "gnu++0x";
				CLANG_CXX_LIBRARY = "libc++";
				CLANG_ENABLE_MODULES = YES;
				CLANG_ENABLE_OBJC_ARC = YES;
				CLANG_WARN_BOOL_CONVERSION = YES;
				CLANG_WARN_CONSTANT_CONVERSION = YES;
				CLANG_WARN_DIRECT_OBJC_ISA_USAGE = YES_ERROR;
				CLANG_WARN_DOCUMENTATION_COMMENTS = YES;
				CLANG_WARN_EMPTY_BODY = YES;
				CLANG_WARN_ENUM_CONVERSION = YES;
				CLANG_WARN_INFINITE_RECURSION = YES;
				CLANG_WARN_INT_CONVERSION = YES;
				CLANG_WARN_OBJC_ROOT_CLASS = YES_ERROR;
				CLANG_WARN_SUSPICIOUS_MOVE = YES;
				CLANG_WARN_UNREACHABLE_CODE = YES;
				CLANG_WARN__DUPLICATE_METHOD_MATCH = YES;
				"CODE_SIGN_IDENTITY[sdk=iphoneos*]" = "iPhone Developer";
				COPY_PHASE_STRIP = NO;
				DEBUG_INFORMATION_FORMAT = dwarf;
				ENABLE_STRICT_OBJC_MSGSEND = YES;
				ENABLE_TESTABILITY = YES;
				GCC_C_LANGUAGE_STANDARD = gnu99;
				GCC_DYNAMIC_NO_PIC = NO;
				GCC_NO_COMMON_BLOCKS = YES;
				GCC_OPTIMIZATION_LEVEL = 0;
				GCC_PREPROCESSOR_DEFINITIONS = (
					"DEBUG=1",
					"$(inherited)",
				);
				GCC_WARN_64_TO_32_BIT_CONVERSION = YES;
				GCC_WARN_ABOUT_RETURN_TYPE = YES_ERROR;
				GCC_WARN_UNDECLARED_SELECTOR = YES;
				GCC_WARN_UNINITIALIZED_AUTOS = YES_AGGRESSIVE;
				GCC_WARN_UNUSED_FUNCTION = YES;
				GCC_WARN_UNUSED_VARIABLE = YES;
				IPHONEOS_DEPLOYMENT_TARGET = 10.2;
				MTL_ENABLE_DEBUG_INFO = YES;
				ONLY_ACTIVE_ARCH = YES;
				SDKROOT = iphoneos;
				SWIFT_ACTIVE_COMPILATION_CONDITIONS = DEBUG;
				SWIFT_OPTIMIZATION_LEVEL = "-Onone";
			};
			name = Debug;
		};
		DA33F0321E09BF6F00CB877C /* Release */ = {
			isa = XCBuildConfiguration;
			buildSettings = {
				ALWAYS_SEARCH_USER_PATHS = NO;
				CLANG_ANALYZER_NONNULL = YES;
				CLANG_CXX_LANGUAGE_STANDARD = "gnu++0x";
				CLANG_CXX_LIBRARY = "libc++";
				CLANG_ENABLE_MODULES = YES;
				CLANG_ENABLE_OBJC_ARC = YES;
				CLANG_WARN_BOOL_CONVERSION = YES;
				CLANG_WARN_CONSTANT_CONVERSION = YES;
				CLANG_WARN_DIRECT_OBJC_ISA_USAGE = YES_ERROR;
				CLANG_WARN_DOCUMENTATION_COMMENTS = YES;
				CLANG_WARN_EMPTY_BODY = YES;
				CLANG_WARN_ENUM_CONVERSION = YES;
				CLANG_WARN_INFINITE_RECURSION = YES;
				CLANG_WARN_INT_CONVERSION = YES;
				CLANG_WARN_OBJC_ROOT_CLASS = YES_ERROR;
				CLANG_WARN_SUSPICIOUS_MOVE = YES;
				CLANG_WARN_UNREACHABLE_CODE = YES;
				CLANG_WARN__DUPLICATE_METHOD_MATCH = YES;
				"CODE_SIGN_IDENTITY[sdk=iphoneos*]" = "iPhone Developer";
				COPY_PHASE_STRIP = NO;
				DEBUG_INFORMATION_FORMAT = "dwarf-with-dsym";
				ENABLE_NS_ASSERTIONS = NO;
				ENABLE_STRICT_OBJC_MSGSEND = YES;
				GCC_C_LANGUAGE_STANDARD = gnu99;
				GCC_NO_COMMON_BLOCKS = YES;
				GCC_WARN_64_TO_32_BIT_CONVERSION = YES;
				GCC_WARN_ABOUT_RETURN_TYPE = YES_ERROR;
				GCC_WARN_UNDECLARED_SELECTOR = YES;
				GCC_WARN_UNINITIALIZED_AUTOS = YES_AGGRESSIVE;
				GCC_WARN_UNUSED_FUNCTION = YES;
				GCC_WARN_UNUSED_VARIABLE = YES;
				IPHONEOS_DEPLOYMENT_TARGET = 10.2;
				MTL_ENABLE_DEBUG_INFO = NO;
				SDKROOT = iphoneos;
				SWIFT_OPTIMIZATION_LEVEL = "-Owholemodule";
				VALIDATE_PRODUCT = YES;
			};
			name = Release;
		};
		DA33F0341E09BF6F00CB877C /* Debug */ = {
			isa = XCBuildConfiguration;
			buildSettings = {
				ASSETCATALOG_COMPILER_APPICON_NAME = AppIcon;
				DEVELOPMENT_TEAM = N533J6CNR8;
				INFOPLIST_FILE = urlShortenerApp/Info.plist;
				LD_RUNPATH_SEARCH_PATHS = "$(inherited) @executable_path/Frameworks";
				PRODUCT_BUNDLE_IDENTIFIER = com.PJ.urlShortenerApp;
				PRODUCT_NAME = "$(TARGET_NAME)";
				SWIFT_VERSION = 3.0;
			};
			name = Debug;
		};
		DA33F0351E09BF6F00CB877C /* Release */ = {
			isa = XCBuildConfiguration;
			buildSettings = {
				ASSETCATALOG_COMPILER_APPICON_NAME = AppIcon;
				DEVELOPMENT_TEAM = N533J6CNR8;
				INFOPLIST_FILE = urlShortenerApp/Info.plist;
				LD_RUNPATH_SEARCH_PATHS = "$(inherited) @executable_path/Frameworks";
				PRODUCT_BUNDLE_IDENTIFIER = com.PJ.urlShortenerApp;
				PRODUCT_NAME = "$(TARGET_NAME)";
				SWIFT_VERSION = 3.0;
			};
			name = Release;
		};
/* End XCBuildConfiguration section */

/* Begin XCConfigurationList section */
		DA33F01A1E09BF6F00CB877C /* Build configuration list for PBXProject "urlShortenerApp" */ = {
			isa = XCConfigurationList;
			buildConfigurations = (
				DA33F0311E09BF6F00CB877C /* Debug */,
				DA33F0321E09BF6F00CB877C /* Release */,
			);
			defaultConfigurationIsVisible = 0;
			defaultConfigurationName = Release;
		};
		DA33F0331E09BF6F00CB877C /* Build configuration list for PBXNativeTarget "urlShortenerApp" */ = {
			isa = XCConfigurationList;
			buildConfigurations = (
				DA33F0341E09BF6F00CB877C /* Debug */,
				DA33F0351E09BF6F00CB877C /* Release */,
			);
			defaultConfigurationIsVisible = 0;
		};
/* End XCConfigurationList section */
	};
	rootObject = DA33F0171E09BF6F00CB877C /* Project object */;
}
